
Microsoft Visual Studio Solution File, Format Version 12.00
Project("{FAE04EC0-301F-11D3-BF4B-00C04F79EFBC}") = "NOComponentWIP", "NOComponentWIP.csproj", "{999474D5-1A8A-4609-8ED6-14FF14C99B8B}"
EndProject
Global
	GlobalSection(SolutionConfigurationPlatforms) = preSolution
		Debug|Any CPU = Debug|Any CPU
		Release|Any CPU = Release|Any CPU
	EndGlobalSection
	GlobalSection(ProjectConfigurationPlatforms) = postSolution
		{999474D5-1A8A-4609-8ED6-14FF14C99B8B}.Debug|Any CPU.ActiveCfg = Debug|Any CPU
		{999474D5-1A8A-4609-8ED6-14FF14C99B8B}.Debug|Any CPU.Build.0 = Debug|Any CPU
		{999474D5-1A8A-4609-8ED6-14FF14C99B8B}.Release|Any CPU.ActiveCfg = Release|Any CPU
		{999474D5-1A8A-4609-8ED6-14FF14C99B8B}.Release|Any CPU.Build.0 = Release|Any CPU
	EndGlobalSection
EndGlobal
